// !$*UTF8*$!
{
	archiveVersion = 1;
	classes = {
	};
	objectVersion = 46;
	objects = {

/* Begin PBXBuildFile section */
		575A3E91145811C400537E2E /* UIKit.framework in Frameworks */ = {isa = PBXBuildFile; fileRef = 575A3E90145811C400537E2E /* UIKit.framework */; };
		575A3E93145811C400537E2E /* Foundation.framework in Frameworks */ = {isa = PBXBuildFile; fileRef = 575A3E92145811C400537E2E /* Foundation.framework */; };
		575A3E95145811C400537E2E /* CoreGraphics.framework in Frameworks */ = {isa = PBXBuildFile; fileRef = 575A3E94145811C400537E2E /* CoreGraphics.framework */; };
		575A3E97145811C400537E2E /* CoreData.framework in Frameworks */ = {isa = PBXBuildFile; fileRef = 575A3E96145811C400537E2E /* CoreData.framework */; };
		575A3E9D145811C400537E2E /* InfoPlist.strings in Resources */ = {isa = PBXBuildFile; fileRef = 575A3E9B145811C400537E2E /* InfoPlist.strings */; };
		575A3E9F145811C400537E2E /* main.m in Sources */ = {isa = PBXBuildFile; fileRef = 575A3E9E145811C400537E2E /* main.m */; };
		575A3EA3145811C400537E2E /* NCEAppDelegate.m in Sources */ = {isa = PBXBuildFile; fileRef = 575A3EA2145811C400537E2E /* NCEAppDelegate.m */; };
		575A3EA6145811C400537E2E /* RestKitDemo.xcdatamodeld in Sources */ = {isa = PBXBuildFile; fileRef = 575A3EA4145811C400537E2E /* RestKitDemo.xcdatamodeld */; };
		575A3EA9145811C400537E2E /* NCEMasterViewController.m in Sources */ = {isa = PBXBuildFile; fileRef = 575A3EA8145811C400537E2E /* NCEMasterViewController.m */; };
		575A3EAC145811C400537E2E /* NCEDetailViewController.m in Sources */ = {isa = PBXBuildFile; fileRef = 575A3EAB145811C400537E2E /* NCEDetailViewController.m */; };
		575A3EAF145811C400537E2E /* NCEMasterViewController.xib in Resources */ = {isa = PBXBuildFile; fileRef = 575A3EAD145811C400537E2E /* NCEMasterViewController.xib */; };
		575A3EB2145811C400537E2E /* NCEDetailViewController.xib in Resources */ = {isa = PBXBuildFile; fileRef = 575A3EB0145811C400537E2E /* NCEDetailViewController.xib */; };
		575A3F6D145818BD00537E2E /* libRestKitCoreData.a in Frameworks */ = {isa = PBXBuildFile; fileRef = 575A3F661458189000537E2E /* libRestKitCoreData.a */; };
		575A3F6F145818BD00537E2E /* libRestKitNetwork.a in Frameworks */ = {isa = PBXBuildFile; fileRef = 575A3F561458189000537E2E /* libRestKitNetwork.a */; };
		575A3F781458197F00537E2E /* libRestKitJSONParserJSONKit.a in Frameworks */ = {isa = PBXBuildFile; fileRef = 575A3F621458189000537E2E /* libRestKitJSONParserJSONKit.a */; };
		575A3F791458198800537E2E /* libRestKitObjectMapping.a in Frameworks */ = {isa = PBXBuildFile; fileRef = 575A3F581458189000537E2E /* libRestKitObjectMapping.a */; };
		575A3F7A1458198800537E2E /* libRestKitSupport.a in Frameworks */ = {isa = PBXBuildFile; fileRef = 575A3F5A1458189000537E2E /* libRestKitSupport.a */; };
		575A3F7C14581CB800537E2E /* CFNetwork.framework in Frameworks */ = {isa = PBXBuildFile; fileRef = 575A3F7B14581CB800537E2E /* CFNetwork.framework */; };
		575A3F7E14581CCA00537E2E /* MobileCoreServices.framework in Frameworks */ = {isa = PBXBuildFile; fileRef = 575A3F7D14581CCA00537E2E /* MobileCoreServices.framework */; };
		575A3F8014581CE100537E2E /* SystemConfiguration.framework in Frameworks */ = {isa = PBXBuildFile; fileRef = 575A3F7F14581CE100537E2E /* SystemConfiguration.framework */; };
		575A3F8214581CF400537E2E /* libxml2.dylib in Frameworks */ = {isa = PBXBuildFile; fileRef = 575A3F8114581CF400537E2E /* libxml2.dylib */; };
		575A3F9C14581F4900537E2E /* NCEEvent.m in Sources */ = {isa = PBXBuildFile; fileRef = 575A3F9B14581F4900537E2E /* NCEEvent.m */; };
		575A3F9F14581F6000537E2E /* NCESpeaker.m in Sources */ = {isa = PBXBuildFile; fileRef = 575A3F9E14581F6000537E2E /* NCESpeaker.m */; };
/* End PBXBuildFile section */

/* Begin PBXContainerItemProxy section */
		575A3F551458189000537E2E /* PBXContainerItemProxy */ = {
			isa = PBXContainerItemProxy;
			containerPortal = 575A3F411458188F00537E2E /* RestKit.xcodeproj */;
			proxyType = 2;
			remoteGlobalIDString = 253A07FC1255161B00976E89;
			remoteInfo = RestKitNetwork;
		};
		575A3F571458189000537E2E /* PBXContainerItemProxy */ = {
			isa = PBXContainerItemProxy;
			containerPortal = 575A3F411458188F00537E2E /* RestKit.xcodeproj */;
			proxyType = 2;
			remoteGlobalIDString = 253A08031255162C00976E89;
			remoteInfo = RestKitObjectMapping;
		};
		575A3F591458189000537E2E /* PBXContainerItemProxy */ = {
			isa = PBXContainerItemProxy;
			containerPortal = 575A3F411458188F00537E2E /* RestKit.xcodeproj */;
			proxyType = 2;
			remoteGlobalIDString = 253A080C12551D3000976E89;
			remoteInfo = RestKitSupport;
		};
		575A3F5B1458189000537E2E /* PBXContainerItemProxy */ = {
			isa = PBXContainerItemProxy;
			containerPortal = 575A3F411458188F00537E2E /* RestKit.xcodeproj */;
			proxyType = 2;
			remoteGlobalIDString = 20808DBD13DE8CDC000A156A;
			remoteInfo = "RestKitJSONParser+NXJSON";
		};
		575A3F5D1458189000537E2E /* PBXContainerItemProxy */ = {
			isa = PBXContainerItemProxy;
			containerPortal = 575A3F411458188F00537E2E /* RestKit.xcodeproj */;
			proxyType = 2;
			remoteGlobalIDString = 2590E64F125231F600531FA8;
			remoteInfo = "RestKitJSONParser+YAJL";
		};
		575A3F5F1458189000537E2E /* PBXContainerItemProxy */ = {
			isa = PBXContainerItemProxy;
			containerPortal = 575A3F411458188F00537E2E /* RestKit.xcodeproj */;
			proxyType = 2;
			remoteGlobalIDString = 2590E66B1252353700531FA8;
			remoteInfo = "RestKitJSONParser+SBJSON";
		};
		575A3F611458189000537E2E /* PBXContainerItemProxy */ = {
			isa = PBXContainerItemProxy;
			containerPortal = 575A3F411458188F00537E2E /* RestKit.xcodeproj */;
			proxyType = 2;
			remoteGlobalIDString = 73057FD11331AD2E001908EE;
			remoteInfo = "RestKitJSONParser+JSONKit";
		};
		575A3F631458189000537E2E /* PBXContainerItemProxy */ = {
			isa = PBXContainerItemProxy;
			containerPortal = 575A3F411458188F00537E2E /* RestKit.xcodeproj */;
			proxyType = 2;
			remoteGlobalIDString = 25BD43BD1340315800DBACDD;
			remoteInfo = "RestKitXMLParser+Libxml";
		};
		575A3F651458189000537E2E /* PBXContainerItemProxy */ = {
			isa = PBXContainerItemProxy;
			containerPortal = 575A3F411458188F00537E2E /* RestKit.xcodeproj */;
			proxyType = 2;
			remoteGlobalIDString = 253A081412551D5300976E89;
			remoteInfo = RestKitCoreData;
		};
		575A3F671458189000537E2E /* PBXContainerItemProxy */ = {
			isa = PBXContainerItemProxy;
			containerPortal = 575A3F411458188F00537E2E /* RestKit.xcodeproj */;
			proxyType = 2;
			remoteGlobalIDString = 2523360511E79F090048F9B4;
			remoteInfo = RestKitThree20;
		};
		575A3F691458189000537E2E /* PBXContainerItemProxy */ = {
			isa = PBXContainerItemProxy;
			containerPortal = 575A3F411458188F00537E2E /* RestKit.xcodeproj */;
			proxyType = 2;
			remoteGlobalIDString = 3F6C39A510FE5C95008F47C5;
			remoteInfo = UISpec;
		};
		575A3F6B1458189D00537E2E /* PBXContainerItemProxy */ = {
			isa = PBXContainerItemProxy;
			containerPortal = 575A3F411458188F00537E2E /* RestKit.xcodeproj */;
			proxyType = 1;
			remoteGlobalIDString = 255B7588133BABBF00ED76AD;
			remoteInfo = RestKit;
		};
/* End PBXContainerItemProxy section */

/* Begin PBXFileReference section */
		575A3E8C145811C400537E2E /* RestKitDemo.app */ = {isa = PBXFileReference; explicitFileType = wrapper.application; includeInIndex = 0; path = RestKitDemo.app; sourceTree = BUILT_PRODUCTS_DIR; };
		575A3E90145811C400537E2E /* UIKit.framework */ = {isa = PBXFileReference; lastKnownFileType = wrapper.framework; name = UIKit.framework; path = System/Library/Frameworks/UIKit.framework; sourceTree = SDKROOT; };
		575A3E92145811C400537E2E /* Foundation.framework */ = {isa = PBXFileReference; lastKnownFileType = wrapper.framework; name = Foundation.framework; path = System/Library/Frameworks/Foundation.framework; sourceTree = SDKROOT; };
		575A3E94145811C400537E2E /* CoreGraphics.framework */ = {isa = PBXFileReference; lastKnownFileType = wrapper.framework; name = CoreGraphics.framework; path = System/Library/Frameworks/CoreGraphics.framework; sourceTree = SDKROOT; };
		575A3E96145811C400537E2E /* CoreData.framework */ = {isa = PBXFileReference; lastKnownFileType = wrapper.framework; name = CoreData.framework; path = System/Library/Frameworks/CoreData.framework; sourceTree = SDKROOT; };
		575A3E9A145811C400537E2E /* RestKitDemo-Info.plist */ = {isa = PBXFileReference; lastKnownFileType = text.plist.xml; path = "RestKitDemo-Info.plist"; sourceTree = "<group>"; };
		575A3E9C145811C400537E2E /* en */ = {isa = PBXFileReference; lastKnownFileType = text.plist.strings; name = en; path = en.lproj/InfoPlist.strings; sourceTree = "<group>"; };
		575A3E9E145811C400537E2E /* main.m */ = {isa = PBXFileReference; lastKnownFileType = sourcecode.c.objc; path = main.m; sourceTree = "<group>"; };
		575A3EA0145811C400537E2E /* RestKitDemo-Prefix.pch */ = {isa = PBXFileReference; lastKnownFileType = sourcecode.c.h; path = "RestKitDemo-Prefix.pch"; sourceTree = "<group>"; };
		575A3EA1145811C400537E2E /* NCEAppDelegate.h */ = {isa = PBXFileReference; lastKnownFileType = sourcecode.c.h; path = NCEAppDelegate.h; sourceTree = "<group>"; };
		575A3EA2145811C400537E2E /* NCEAppDelegate.m */ = {isa = PBXFileReference; lastKnownFileType = sourcecode.c.objc; path = NCEAppDelegate.m; sourceTree = "<group>"; };
		575A3EA5145811C400537E2E /* RestKitDemo.xcdatamodel */ = {isa = PBXFileReference; lastKnownFileType = wrapper.xcdatamodel; path = RestKitDemo.xcdatamodel; sourceTree = "<group>"; };
		575A3EA7145811C400537E2E /* NCEMasterViewController.h */ = {isa = PBXFileReference; lastKnownFileType = sourcecode.c.h; path = NCEMasterViewController.h; sourceTree = "<group>"; };
		575A3EA8145811C400537E2E /* NCEMasterViewController.m */ = {isa = PBXFileReference; lastKnownFileType = sourcecode.c.objc; path = NCEMasterViewController.m; sourceTree = "<group>"; };
		575A3EAA145811C400537E2E /* NCEDetailViewController.h */ = {isa = PBXFileReference; lastKnownFileType = sourcecode.c.h; path = NCEDetailViewController.h; sourceTree = "<group>"; };
		575A3EAB145811C400537E2E /* NCEDetailViewController.m */ = {isa = PBXFileReference; lastKnownFileType = sourcecode.c.objc; path = NCEDetailViewController.m; sourceTree = "<group>"; };
		575A3EAE145811C400537E2E /* en */ = {isa = PBXFileReference; lastKnownFileType = file.xib; name = en; path = en.lproj/NCEMasterViewController.xib; sourceTree = "<group>"; };
		575A3EB1145811C400537E2E /* en */ = {isa = PBXFileReference; lastKnownFileType = file.xib; name = en; path = en.lproj/NCEDetailViewController.xib; sourceTree = "<group>"; };
		575A3F411458188F00537E2E /* RestKit.xcodeproj */ = {isa = PBXFileReference; lastKnownFileType = "wrapper.pb-project"; name = RestKit.xcodeproj; path = "../RestKit-RestKit-991bd5c/RestKit.xcodeproj"; sourceTree = "<group>"; };
		575A3F7B14581CB800537E2E /* CFNetwork.framework */ = {isa = PBXFileReference; lastKnownFileType = wrapper.framework; name = CFNetwork.framework; path = System/Library/Frameworks/CFNetwork.framework; sourceTree = SDKROOT; };
		575A3F7D14581CCA00537E2E /* MobileCoreServices.framework */ = {isa = PBXFileReference; lastKnownFileType = wrapper.framework; name = MobileCoreServices.framework; path = System/Library/Frameworks/MobileCoreServices.framework; sourceTree = SDKROOT; };
		575A3F7F14581CE100537E2E /* SystemConfiguration.framework */ = {isa = PBXFileReference; lastKnownFileType = wrapper.framework; name = SystemConfiguration.framework; path = System/Library/Frameworks/SystemConfiguration.framework; sourceTree = SDKROOT; };
		575A3F8114581CF400537E2E /* libxml2.dylib */ = {isa = PBXFileReference; lastKnownFileType = "compiled.mach-o.dylib"; name = libxml2.dylib; path = usr/lib/libxml2.dylib; sourceTree = SDKROOT; };
		575A3F9A14581F4900537E2E /* NCEEvent.h */ = {isa = PBXFileReference; fileEncoding = 4; lastKnownFileType = sourcecode.c.h; path = NCEEvent.h; sourceTree = "<group>"; };
		575A3F9B14581F4900537E2E /* NCEEvent.m */ = {isa = PBXFileReference; fileEncoding = 4; lastKnownFileType = sourcecode.c.objc; path = NCEEvent.m; sourceTree = "<group>"; };
		575A3F9D14581F6000537E2E /* NCESpeaker.h */ = {isa = PBXFileReference; fileEncoding = 4; lastKnownFileType = sourcecode.c.h; path = NCESpeaker.h; sourceTree = "<group>"; };
		575A3F9E14581F6000537E2E /* NCESpeaker.m */ = {isa = PBXFileReference; fileEncoding = 4; lastKnownFileType = sourcecode.c.objc; path = NCESpeaker.m; sourceTree = "<group>"; };
/* End PBXFileReference section */

/* Begin PBXFrameworksBuildPhase section */
		575A3E89145811C400537E2E /* Frameworks */ = {
			isa = PBXFrameworksBuildPhase;
			buildActionMask = 2147483647;
			files = (
				575A3F8214581CF400537E2E /* libxml2.dylib in Frameworks */,
				575A3F8014581CE100537E2E /* SystemConfiguration.framework in Frameworks */,
				575A3F7E14581CCA00537E2E /* MobileCoreServices.framework in Frameworks */,
				575A3F7C14581CB800537E2E /* CFNetwork.framework in Frameworks */,
				575A3F791458198800537E2E /* libRestKitObjectMapping.a in Frameworks */,
				575A3F7A1458198800537E2E /* libRestKitSupport.a in Frameworks */,
				575A3F781458197F00537E2E /* libRestKitJSONParserJSONKit.a in Frameworks */,
				575A3F6D145818BD00537E2E /* libRestKitCoreData.a in Frameworks */,
				575A3F6F145818BD00537E2E /* libRestKitNetwork.a in Frameworks */,
				575A3E91145811C400537E2E /* UIKit.framework in Frameworks */,
				575A3E93145811C400537E2E /* Foundation.framework in Frameworks */,
				575A3E95145811C400537E2E /* CoreGraphics.framework in Frameworks */,
				575A3E97145811C400537E2E /* CoreData.framework in Frameworks */,
			);
			runOnlyForDeploymentPostprocessing = 0;
		};
/* End PBXFrameworksBuildPhase section */

/* Begin PBXGroup section */
		575A3E81145811C300537E2E = {
			isa = PBXGroup;
			children = (
				575A3F131458164700537E2E /* 3rd Party */,
				575A3E98145811C400537E2E /* RestKitDemo */,
				575A3E8F145811C400537E2E /* Frameworks */,
				575A3E8D145811C400537E2E /* Products */,
			);
			sourceTree = "<group>";
		};
		575A3E8D145811C400537E2E /* Products */ = {
			isa = PBXGroup;
			children = (
				575A3E8C145811C400537E2E /* RestKitDemo.app */,
			);
			name = Products;
			sourceTree = "<group>";
		};
		575A3E8F145811C400537E2E /* Frameworks */ = {
			isa = PBXGroup;
			children = (
				575A3F8114581CF400537E2E /* libxml2.dylib */,
				575A3F7F14581CE100537E2E /* SystemConfiguration.framework */,
				575A3F7D14581CCA00537E2E /* MobileCoreServices.framework */,
				575A3F7B14581CB800537E2E /* CFNetwork.framework */,
				575A3E90145811C400537E2E /* UIKit.framework */,
				575A3E92145811C400537E2E /* Foundation.framework */,
				575A3E94145811C400537E2E /* CoreGraphics.framework */,
				575A3E96145811C400537E2E /* CoreData.framework */,
			);
			name = Frameworks;
			sourceTree = "<group>";
		};
		575A3E98145811C400537E2E /* RestKitDemo */ = {
			isa = PBXGroup;
			children = (
				575A3F9914581F2000537E2E /* Model */,
				575A3EA1145811C400537E2E /* NCEAppDelegate.h */,
				575A3EA2145811C400537E2E /* NCEAppDelegate.m */,
				575A3EA7145811C400537E2E /* NCEMasterViewController.h */,
				575A3EA8145811C400537E2E /* NCEMasterViewController.m */,
				575A3EAA145811C400537E2E /* NCEDetailViewController.h */,
				575A3EAB145811C400537E2E /* NCEDetailViewController.m */,
				575A3EAD145811C400537E2E /* NCEMasterViewController.xib */,
				575A3EB0145811C400537E2E /* NCEDetailViewController.xib */,
				575A3EA4145811C400537E2E /* RestKitDemo.xcdatamodeld */,
				575A3E99145811C400537E2E /* Supporting Files */,
			);
			path = RestKitDemo;
			sourceTree = "<group>";
		};
		575A3E99145811C400537E2E /* Supporting Files */ = {
			isa = PBXGroup;
			children = (
				575A3E9A145811C400537E2E /* RestKitDemo-Info.plist */,
				575A3E9B145811C400537E2E /* InfoPlist.strings */,
				575A3E9E145811C400537E2E /* main.m */,
				575A3EA0145811C400537E2E /* RestKitDemo-Prefix.pch */,
			);
			name = "Supporting Files";
			sourceTree = "<group>";
		};
		575A3F131458164700537E2E /* 3rd Party */ = {
			isa = PBXGroup;
			children = (
				575A3F411458188F00537E2E /* RestKit.xcodeproj */,
			);
			name = "3rd Party";
			sourceTree = "<group>";
		};
		575A3F421458188F00537E2E /* Products */ = {
			isa = PBXGroup;
			children = (
				575A3F561458189000537E2E /* libRestKitNetwork.a */,
				575A3F581458189000537E2E /* libRestKitObjectMapping.a */,
				575A3F5A1458189000537E2E /* libRestKitSupport.a */,
				575A3F5C1458189000537E2E /* libRestKitJSONParser+NXJSON.a */,
				575A3F5E1458189000537E2E /* libRestKitJSONParserYAJL.a */,
				575A3F601458189000537E2E /* libRestKitJSONParserSBJSON.a */,
				575A3F621458189000537E2E /* libRestKitJSONParserJSONKit.a */,
				575A3F641458189000537E2E /* libRestKitXMLParserLibxml.a */,
				575A3F661458189000537E2E /* libRestKitCoreData.a */,
				575A3F681458189000537E2E /* libRestKitThree20.a */,
				575A3F6A1458189000537E2E /* UISpec.app */,
			);
			name = Products;
			sourceTree = "<group>";
		};
		575A3F9914581F2000537E2E /* Model */ = {
			isa = PBXGroup;
			children = (
				575A3F9A14581F4900537E2E /* NCEEvent.h */,
				575A3F9B14581F4900537E2E /* NCEEvent.m */,
				575A3F9D14581F6000537E2E /* NCESpeaker.h */,
				575A3F9E14581F6000537E2E /* NCESpeaker.m */,
			);
			name = Model;
			sourceTree = "<group>";
		};
/* End PBXGroup section */

/* Begin PBXNativeTarget section */
		575A3E8B145811C400537E2E /* RestKitDemo */ = {
			isa = PBXNativeTarget;
			buildConfigurationList = 575A3EB5145811C400537E2E /* Build configuration list for PBXNativeTarget "RestKitDemo" */;
			buildPhases = (
				575A3E88145811C400537E2E /* Sources */,
				575A3E89145811C400537E2E /* Frameworks */,
				575A3E8A145811C400537E2E /* Resources */,
			);
			buildRules = (
			);
			dependencies = (
				575A3F6C1458189D00537E2E /* PBXTargetDependency */,
			);
			name = RestKitDemo;
			productName = RestKitDemo;
			productReference = 575A3E8C145811C400537E2E /* RestKitDemo.app */;
			productType = "com.apple.product-type.application";
		};
/* End PBXNativeTarget section */

/* Begin PBXProject section */
		575A3E83145811C300537E2E /* Project object */ = {
			isa = PBXProject;
			attributes = {
				LastUpgradeCheck = 0420;
			};
			buildConfigurationList = 575A3E86145811C300537E2E /* Build configuration list for PBXProject "RestKitDemo" */;
			compatibilityVersion = "Xcode 3.2";
			developmentRegion = English;
			hasScannedForEncodings = 0;
			knownRegions = (
				en,
			);
			mainGroup = 575A3E81145811C300537E2E;
			productRefGroup = 575A3E8D145811C400537E2E /* Products */;
			projectDirPath = "";
			projectReferences = (
				{
					ProductGroup = 575A3F421458188F00537E2E /* Products */;
					ProjectRef = 575A3F411458188F00537E2E /* RestKit.xcodeproj */;
				},
			);
			projectRoot = "";
			targets = (
				575A3E8B145811C400537E2E /* RestKitDemo */,
			);
		};
/* End PBXProject section */

/* Begin PBXReferenceProxy section */
		575A3F561458189000537E2E /* libRestKitNetwork.a */ = {
			isa = PBXReferenceProxy;
			fileType = archive.ar;
			path = libRestKitNetwork.a;
			remoteRef = 575A3F551458189000537E2E /* PBXContainerItemProxy */;
			sourceTree = BUILT_PRODUCTS_DIR;
		};
		575A3F581458189000537E2E /* libRestKitObjectMapping.a */ = {
			isa = PBXReferenceProxy;
			fileType = archive.ar;
			path = libRestKitObjectMapping.a;
			remoteRef = 575A3F571458189000537E2E /* PBXContainerItemProxy */;
			sourceTree = BUILT_PRODUCTS_DIR;
		};
		575A3F5A1458189000537E2E /* libRestKitSupport.a */ = {
			isa = PBXReferenceProxy;
			fileType = archive.ar;
			path = libRestKitSupport.a;
			remoteRef = 575A3F591458189000537E2E /* PBXContainerItemProxy */;
			sourceTree = BUILT_PRODUCTS_DIR;
		};
		575A3F5C1458189000537E2E /* libRestKitJSONParser+NXJSON.a */ = {
			isa = PBXReferenceProxy;
			fileType = archive.ar;
			name = "libRestKitJSONParser+NXJSON.a";
			path = libRestKitJSONParserNXJSON.a;
			remoteRef = 575A3F5B1458189000537E2E /* PBXContainerItemProxy */;
			sourceTree = BUILT_PRODUCTS_DIR;
		};
		575A3F5E1458189000537E2E /* libRestKitJSONParserYAJL.a */ = {
			isa = PBXReferenceProxy;
			fileType = archive.ar;
			path = libRestKitJSONParserYAJL.a;
			remoteRef = 575A3F5D1458189000537E2E /* PBXContainerItemProxy */;
			sourceTree = BUILT_PRODUCTS_DIR;
		};
		575A3F601458189000537E2E /* libRestKitJSONParserSBJSON.a */ = {
			isa = PBXReferenceProxy;
			fileType = archive.ar;
			path = libRestKitJSONParserSBJSON.a;
			remoteRef = 575A3F5F1458189000537E2E /* PBXContainerItemProxy */;
			sourceTree = BUILT_PRODUCTS_DIR;
		};
		575A3F621458189000537E2E /* libRestKitJSONParserJSONKit.a */ = {
			isa = PBXReferenceProxy;
			fileType = archive.ar;
			path = libRestKitJSONParserJSONKit.a;
			remoteRef = 575A3F611458189000537E2E /* PBXContainerItemProxy */;
			sourceTree = BUILT_PRODUCTS_DIR;
		};
		575A3F641458189000537E2E /* libRestKitXMLParserLibxml.a */ = {
			isa = PBXReferenceProxy;
			fileType = archive.ar;
			path = libRestKitXMLParserLibxml.a;
			remoteRef = 575A3F631458189000537E2E /* PBXContainerItemProxy */;
			sourceTree = BUILT_PRODUCTS_DIR;
		};
		575A3F661458189000537E2E /* libRestKitCoreData.a */ = {
			isa = PBXReferenceProxy;
			fileType = archive.ar;
			path = libRestKitCoreData.a;
			remoteRef = 575A3F651458189000537E2E /* PBXContainerItemProxy */;
			sourceTree = BUILT_PRODUCTS_DIR;
		};
		575A3F681458189000537E2E /* libRestKitThree20.a */ = {
			isa = PBXReferenceProxy;
			fileType = archive.ar;
			path = libRestKitThree20.a;
			remoteRef = 575A3F671458189000537E2E /* PBXContainerItemProxy */;
			sourceTree = BUILT_PRODUCTS_DIR;
		};
		575A3F6A1458189000537E2E /* UISpec.app */ = {
			isa = PBXReferenceProxy;
			fileType = wrapper.application;
			path = UISpec.app;
			remoteRef = 575A3F691458189000537E2E /* PBXContainerItemProxy */;
			sourceTree = BUILT_PRODUCTS_DIR;
		};
/* End PBXReferenceProxy section */

/* Begin PBXResourcesBuildPhase section */
		575A3E8A145811C400537E2E /* Resources */ = {
			isa = PBXResourcesBuildPhase;
			buildActionMask = 2147483647;
			files = (
				575A3E9D145811C400537E2E /* InfoPlist.strings in Resources */,
				575A3EAF145811C400537E2E /* NCEMasterViewController.xib in Resources */,
				575A3EB2145811C400537E2E /* NCEDetailViewController.xib in Resources */,
			);
			runOnlyForDeploymentPostprocessing = 0;
		};
/* End PBXResourcesBuildPhase section */

/* Begin PBXSourcesBuildPhase section */
		575A3E88145811C400537E2E /* Sources */ = {
			isa = PBXSourcesBuildPhase;
			buildActionMask = 2147483647;
			files = (
				575A3E9F145811C400537E2E /* main.m in Sources */,
				575A3EA3145811C400537E2E /* NCEAppDelegate.m in Sources */,
				575A3EA6145811C400537E2E /* RestKitDemo.xcdatamodeld in Sources */,
				575A3EA9145811C400537E2E /* NCEMasterViewController.m in Sources */,
				575A3EAC145811C400537E2E /* NCEDetailViewController.m in Sources */,
				575A3F9C14581F4900537E2E /* NCEEvent.m in Sources */,
				575A3F9F14581F6000537E2E /* NCESpeaker.m in Sources */,
			);
			runOnlyForDeploymentPostprocessing = 0;
		};
/* End PBXSourcesBuildPhase section */

/* Begin PBXTargetDependency section */
		575A3F6C1458189D00537E2E /* PBXTargetDependency */ = {
			isa = PBXTargetDependency;
			name = RestKit;
			targetProxy = 575A3F6B1458189D00537E2E /* PBXContainerItemProxy */;
		};
/* End PBXTargetDependency section */

/* Begin PBXVariantGroup section */
		575A3E9B145811C400537E2E /* InfoPlist.strings */ = {
			isa = PBXVariantGroup;
			children = (
				575A3E9C145811C400537E2E /* en */,
			);
			name = InfoPlist.strings;
			sourceTree = "<group>";
		};
		575A3EAD145811C400537E2E /* NCEMasterViewController.xib */ = {
			isa = PBXVariantGroup;
			children = (
				575A3EAE145811C400537E2E /* en */,
			);
			name = NCEMasterViewController.xib;
			sourceTree = "<group>";
		};
		575A3EB0145811C400537E2E /* NCEDetailViewController.xib */ = {
			isa = PBXVariantGroup;
			children = (
				575A3EB1145811C400537E2E /* en */,
			);
			name = NCEDetailViewController.xib;
			sourceTree = "<group>";
		};
/* End PBXVariantGroup section */

/* Begin XCBuildConfiguration section */
		575A3EB3145811C400537E2E /* Debug */ = {
			isa = XCBuildConfiguration;
			buildSettings = {
				ALWAYS_SEARCH_USER_PATHS = NO;
				ARCHS = "$(ARCHS_STANDARD_32_BIT)";
				"CODE_SIGN_IDENTITY[sdk=iphoneos*]" = "iPhone Developer";
				COPY_PHASE_STRIP = NO;
				GCC_C_LANGUAGE_STANDARD = gnu99;
				GCC_DYNAMIC_NO_PIC = NO;
				GCC_OPTIMIZATION_LEVEL = 0;
				GCC_PREPROCESSOR_DEFINITIONS = (
					"DEBUG=1",
					"$(inherited)",
				);
				GCC_SYMBOLS_PRIVATE_EXTERN = NO;
				GCC_VERSION = com.apple.compilers.llvm.clang.1_0;
				GCC_WARN_ABOUT_MISSING_PROTOTYPES = YES;
				GCC_WARN_ABOUT_RETURN_TYPE = YES;
				GCC_WARN_UNUSED_VARIABLE = YES;
				HEADER_SEARCH_PATHS = "\"$(RKROOT)/Build\"";
				IPHONEOS_DEPLOYMENT_TARGET = 4.3;
				OTHER_LDFLAGS = "-ObjC";
				SDKROOT = iphoneos;
				TARGETED_DEVICE_FAMILY = 2;
			};
			name = Debug;
		};
		575A3EB4145811C400537E2E /* Release */ = {
			isa = XCBuildConfiguration;
			buildSettings = {
				ALWAYS_SEARCH_USER_PATHS = NO;
				ARCHS = "$(ARCHS_STANDARD_32_BIT)";
				"CODE_SIGN_IDENTITY[sdk=iphoneos*]" = "iPhone Developer";
				COPY_PHASE_STRIP = YES;
				GCC_C_LANGUAGE_STANDARD = gnu99;
				GCC_VERSION = com.apple.compilers.llvm.clang.1_0;
				GCC_WARN_ABOUT_MISSING_PROTOTYPES = YES;
				GCC_WARN_ABOUT_RETURN_TYPE = YES;
				GCC_WARN_UNUSED_VARIABLE = YES;
				HEADER_SEARCH_PATHS = "\"$(RKROOT)/Build\"";
				IPHONEOS_DEPLOYMENT_TARGET = 4.3;
				OTHER_CFLAGS = "-DNS_BLOCK_ASSERTIONS=1";
				OTHER_LDFLAGS = "-ObjC";
				SDKROOT = iphoneos;
				TARGETED_DEVICE_FAMILY = 2;
				VALIDATE_PRODUCT = YES;
			};
			name = Release;
		};
		575A3EB6145811C400537E2E /* Debug */ = {
			isa = XCBuildConfiguration;
			buildSettings = {
				GCC_PRECOMPILE_PREFIX_HEADER = YES;
				GCC_PREFIX_HEADER = "RestKitDemo/RestKitDemo-Prefix.pch";
				INFOPLIST_FILE = "RestKitDemo/RestKitDemo-Info.plist";
				IPHONEOS_DEPLOYMENT_TARGET = 4.3;
				PRODUCT_NAME = "$(TARGET_NAME)";
				WRAPPER_EXTENSION = app;
			};
			name = Debug;
		};
		575A3EB7145811C400537E2E /* Release */ = {
			isa = XCBuildConfiguration;
			buildSettings = {
				GCC_PRECOMPILE_PREFIX_HEADER = YES;
				GCC_PREFIX_HEADER = "RestKitDemo/RestKitDemo-Prefix.pch";
				INFOPLIST_FILE = "RestKitDemo/RestKitDemo-Info.plist";
				IPHONEOS_DEPLOYMENT_TARGET = 4.3;
				PRODUCT_NAME = "$(TARGET_NAME)";
				WRAPPER_EXTENSION = app;
			};
			name = Release;
		};
/* End XCBuildConfiguration section */

/* Begin XCConfigurationList section */
		575A3E86145811C300537E2E /* Build configuration list for PBXProject "RestKitDemo" */ = {
			isa = XCConfigurationList;
			buildConfigurations = (
				575A3EB3145811C400537E2E /* Debug */,
				575A3EB4145811C400537E2E /* Release */,
			);
			defaultConfigurationIsVisible = 0;
			defaultConfigurationName = Release;
		};
		575A3EB5145811C400537E2E /* Build configuration list for PBXNativeTarget "RestKitDemo" */ = {
			isa = XCConfigurationList;
			buildConfigurations = (
				575A3EB6145811C400537E2E /* Debug */,
				575A3EB7145811C400537E2E /* Release */,
			);
			defaultConfigurationIsVisible = 0;
			defaultConfigurationName = Release;
		};
/* End XCConfigurationList section */

/* Begin XCVersionGroup section */
		575A3EA4145811C400537E2E /* RestKitDemo.xcdatamodeld */ = {
			isa = XCVersionGroup;
			children = (
				575A3EA5145811C400537E2E /* RestKitDemo.xcdatamodel */,
			);
			currentVersion = 575A3EA5145811C400537E2E /* RestKitDemo.xcdatamodel */;
			path = RestKitDemo.xcdatamodeld;
			sourceTree = "<group>";
			versionGroupType = wrapper.xcdatamodel;
		};
/* End XCVersionGroup section */
	};
	rootObject = 575A3E83145811C300537E2E /* Project object */;
}
